
Microsoft Visual Studio Solution File, Format Version 12.00
# Visual Studio Version 16
VisualStudioVersion = 16.0.31112.23
MinimumVisualStudioVersion = 10.0.40219.1
Project("{FAE04EC0-301F-11D3-BF4B-00C04F79EFBC}") = "ClassLibrary1", "ClassLibrary1\ClassLibrary1.csproj", "{298DD2AD-71EB-40A3-BA2D-6E9373CB4FE2}"
EndProject
Project("{FAE04EC0-301F-11D3-BF4B-00C04F79EFBC}") = "WindowsPubsDB", "WindowsPubsDB\WindowsPubsDB.csproj", "{68AAB082-9437-46A5-B543-5DDCFF670F36}"
EndProject
Global
	GlobalSection(SolutionConfigurationPlatforms) = preSolution
		Debug|Any CPU = Debug|Any CPU
		Release|Any CPU = Release|Any CPU
	EndGlobalSection
	GlobalSection(ProjectConfigurationPlatforms) = postSolution
		{298DD2AD-71EB-40A3-BA2D-6E9373CB4FE2}.Debug|Any CPU.ActiveCfg = Debug|Any CPU
		{298DD2AD-71EB-40A3-BA2D-6E9373CB4FE2}.Debug|Any CPU.Build.0 = Debug|Any CPU
		{298DD2AD-71EB-40A3-BA2D-6E9373CB4FE2}.Release|Any CPU.ActiveCfg = Release|Any CPU
		{298DD2AD-71EB-40A3-BA2D-6E9373CB4FE2}.Release|Any CPU.Build.0 = Release|Any CPU
		{68AAB082-9437-46A5-B543-5DDCFF670F36}.Debug|Any CPU.ActiveCfg = Debug|Any CPU
		{68AAB082-9437-46A5-B543-5DDCFF670F36}.Debug|Any CPU.Build.0 = Debug|Any CPU
		{68AAB082-9437-46A5-B543-5DDCFF670F36}.Release|Any CPU.ActiveCfg = Release|Any CPU
		{68AAB082-9437-46A5-B543-5DDCFF670F36}.Release|Any CPU.Build.0 = Release|Any CPU
	EndGlobalSection
	GlobalSection(SolutionProperties) = preSolution
		HideSolutionNode = FALSE
	EndGlobalSection
	GlobalSection(ExtensibilityGlobals) = postSolution
		SolutionGuid = {B1E33212-6F1F-4F4A-8B93-0A879773C48E}
	EndGlobalSection
EndGlobal
