
Microsoft Visual Studio Solution File, Format Version 12.00
# Visual Studio Version 16
VisualStudioVersion = 16.0.31025.194
MinimumVisualStudioVersion = 10.0.40219.1
Project("{FAE04EC0-301F-11D3-BF4B-00C04F79EFBC}") = "DACLibros", "DACLibros\DACLibros.csproj", "{0858769D-B7E9-4F26-A1C1-B17C43D66A7B}"
EndProject
Project("{FAE04EC0-301F-11D3-BF4B-00C04F79EFBC}") = "WindowsFormsApp1", "WindowsFormsApp1\WindowsFormsApp1.csproj", "{9C473AC6-6558-42F0-B302-870C47FE9FB1}"
EndProject
Global
	GlobalSection(SolutionConfigurationPlatforms) = preSolution
		Debug|Any CPU = Debug|Any CPU
		Release|Any CPU = Release|Any CPU
	EndGlobalSection
	GlobalSection(ProjectConfigurationPlatforms) = postSolution
		{0858769D-B7E9-4F26-A1C1-B17C43D66A7B}.Debug|Any CPU.ActiveCfg = Debug|Any CPU
		{0858769D-B7E9-4F26-A1C1-B17C43D66A7B}.Debug|Any CPU.Build.0 = Debug|Any CPU
		{0858769D-B7E9-4F26-A1C1-B17C43D66A7B}.Release|Any CPU.ActiveCfg = Release|Any CPU
		{0858769D-B7E9-4F26-A1C1-B17C43D66A7B}.Release|Any CPU.Build.0 = Release|Any CPU
		{9C473AC6-6558-42F0-B302-870C47FE9FB1}.Debug|Any CPU.ActiveCfg = Debug|Any CPU
		{9C473AC6-6558-42F0-B302-870C47FE9FB1}.Debug|Any CPU.Build.0 = Debug|Any CPU
		{9C473AC6-6558-42F0-B302-870C47FE9FB1}.Release|Any CPU.ActiveCfg = Release|Any CPU
		{9C473AC6-6558-42F0-B302-870C47FE9FB1}.Release|Any CPU.Build.0 = Release|Any CPU
	EndGlobalSection
	GlobalSection(SolutionProperties) = preSolution
		HideSolutionNode = FALSE
	EndGlobalSection
	GlobalSection(ExtensibilityGlobals) = postSolution
		SolutionGuid = {927FAD5B-0FA3-4E7A-B2D0-76DE76C7AC9A}
	EndGlobalSection
EndGlobal
