
Microsoft Visual Studio Solution File, Format Version 12.00
# Visual Studio Version 16
VisualStudioVersion = 16.0.31025.194
MinimumVisualStudioVersion = 10.0.40219.1
Project("{FAE04EC0-301F-11D3-BF4B-00C04F79EFBC}") = "WebApiMovie", "WebApiMovie\WebApiMovie.csproj", "{D3214FF7-816E-4126-A1AB-1D8B9D865D10}"
EndProject
Global
	GlobalSection(SolutionConfigurationPlatforms) = preSolution
		Debug|Any CPU = Debug|Any CPU
		Release|Any CPU = Release|Any CPU
	EndGlobalSection
	GlobalSection(ProjectConfigurationPlatforms) = postSolution
		{D3214FF7-816E-4126-A1AB-1D8B9D865D10}.Debug|Any CPU.ActiveCfg = Debug|Any CPU
		{D3214FF7-816E-4126-A1AB-1D8B9D865D10}.Debug|Any CPU.Build.0 = Debug|Any CPU
		{D3214FF7-816E-4126-A1AB-1D8B9D865D10}.Release|Any CPU.ActiveCfg = Release|Any CPU
		{D3214FF7-816E-4126-A1AB-1D8B9D865D10}.Release|Any CPU.Build.0 = Release|Any CPU
	EndGlobalSection
	GlobalSection(SolutionProperties) = preSolution
		HideSolutionNode = FALSE
	EndGlobalSection
	GlobalSection(ExtensibilityGlobals) = postSolution
		SolutionGuid = {CBC712A1-9700-4BEC-8AFC-8F19328BD826}
	EndGlobalSection
EndGlobal
