
Microsoft Visual Studio Solution File, Format Version 12.00
# Visual Studio Version 16
VisualStudioVersion = 16.0.31025.194
MinimumVisualStudioVersion = 10.0.40219.1
Project("{FAE04EC0-301F-11D3-BF4B-00C04F79EFBC}") = "SWMedicos", "SWMedicos\SWMedicos.csproj", "{9EE7CE3F-DF90-4094-8AA4-92EC8125103F}"
EndProject
Global
	GlobalSection(SolutionConfigurationPlatforms) = preSolution
		Debug|Any CPU = Debug|Any CPU
		Release|Any CPU = Release|Any CPU
	EndGlobalSection
	GlobalSection(ProjectConfigurationPlatforms) = postSolution
		{9EE7CE3F-DF90-4094-8AA4-92EC8125103F}.Debug|Any CPU.ActiveCfg = Debug|Any CPU
		{9EE7CE3F-DF90-4094-8AA4-92EC8125103F}.Debug|Any CPU.Build.0 = Debug|Any CPU
		{9EE7CE3F-DF90-4094-8AA4-92EC8125103F}.Release|Any CPU.ActiveCfg = Release|Any CPU
		{9EE7CE3F-DF90-4094-8AA4-92EC8125103F}.Release|Any CPU.Build.0 = Release|Any CPU
	EndGlobalSection
	GlobalSection(SolutionProperties) = preSolution
		HideSolutionNode = FALSE
	EndGlobalSection
	GlobalSection(ExtensibilityGlobals) = postSolution
		SolutionGuid = {12A7BE1E-1E5C-4678-ABF0-1F8AE271CC55}
	EndGlobalSection
EndGlobal
